// !$*UTF8*$!
{
	archiveVersion = 1;
	classes = {
	};
	objectVersion = 50;
	objects = {

/* Begin PBXBuildFile section */
		993D11BF2125063200013EE0 /* AppDelegate.swift in Sources */ = {isa = PBXBuildFile; fileRef = 993D11BE2125063200013EE0 /* AppDelegate.swift */; };
		993D11C12125063200013EE0 /* ViewController.swift in Sources */ = {isa = PBXBuildFile; fileRef = 993D11C02125063200013EE0 /* ViewController.swift */; };
		993D11C42125063200013EE0 /* Main.storyboard in Resources */ = {isa = PBXBuildFile; fileRef = 993D11C22125063200013EE0 /* Main.storyboard */; };
		993D11C62125063A00013EE0 /* Assets.xcassets in Resources */ = {isa = PBXBuildFile; fileRef = 993D11C52125063A00013EE0 /* Assets.xcassets */; };
		993D11C92125063A00013EE0 /* LaunchScreen.storyboard in Resources */ = {isa = PBXBuildFile; fileRef = 993D11C72125063A00013EE0 /* LaunchScreen.storyboard */; };
		993D11D42125063B00013EE0 /* YT_MarketTests.swift in Sources */ = {isa = PBXBuildFile; fileRef = 993D11D32125063B00013EE0 /* YT_MarketTests.swift */; };
		993D11DF2125063B00013EE0 /* YT_MarketUITests.swift in Sources */ = {isa = PBXBuildFile; fileRef = 993D11DE2125063B00013EE0 /* YT_MarketUITests.swift */; };
/* End PBXBuildFile section */

/* Begin PBXContainerItemProxy section */
		993D11D02125063B00013EE0 /* PBXContainerItemProxy */ = {
			isa = PBXContainerItemProxy;
			containerPortal = 993D11B32125063200013EE0 /* Project object */;
			proxyType = 1;
			remoteGlobalIDString = 993D11BA2125063200013EE0;
			remoteInfo = "YT Market";
		};
		993D11DB2125063B00013EE0 /* PBXContainerItemProxy */ = {
			isa = PBXContainerItemProxy;
			containerPortal = 993D11B32125063200013EE0 /* Project object */;
			proxyType = 1;
			remoteGlobalIDString = 993D11BA2125063200013EE0;
			remoteInfo = "YT Market";
		};
/* End PBXContainerItemProxy section */

/* Begin PBXFileReference section */
		993D11BB2125063200013EE0 /* YT Market.app */ = {isa = PBXFileReference; explicitFileType = wrapper.application; includeInIndex = 0; path = "YT Market.app"; sourceTree = BUILT_PRODUCTS_DIR; };
		993D11BE2125063200013EE0 /* AppDelegate.swift */ = {isa = PBXFileReference; lastKnownFileType = sourcecode.swift; path = AppDelegate.swift; sourceTree = "<group>"; };
		993D11C02125063200013EE0 /* ViewController.swift */ = {isa = PBXFileReference; lastKnownFileType = sourcecode.swift; path = ViewController.swift; sourceTree = "<group>"; };
		993D11C32125063200013EE0 /* Base */ = {isa = PBXFileReference; lastKnownFileType = file.storyboard; name = Base; path = Base.lproj/Main.storyboard; sourceTree = "<group>"; };
		993D11C52125063A00013EE0 /* Assets.xcassets */ = {isa = PBXFileReference; lastKnownFileType = folder.assetcatalog; path = Assets.xcassets; sourceTree = "<group>"; };
		993D11C82125063A00013EE0 /* Base */ = {isa = PBXFileReference; lastKnownFileType = file.storyboard; name = Base; path = Base.lproj/LaunchScreen.storyboard; sourceTree = "<group>"; };
		993D11CA2125063A00013EE0 /* Info.plist */ = {isa = PBXFileReference; lastKnownFileType = text.plist.xml; path = Info.plist; sourceTree = "<group>"; };
		993D11CF2125063B00013EE0 /* YT MarketTests.xctest */ = {isa = PBXFileReference; explicitFileType = wrapper.cfbundle; includeInIndex = 0; path = "YT MarketTests.xctest"; sourceTree = BUILT_PRODUCTS_DIR; };
		993D11D32125063B00013EE0 /* YT_MarketTests.swift */ = {isa = PBXFileReference; lastKnownFileType = sourcecode.swift; path = YT_MarketTests.swift; sourceTree = "<group>"; };
		993D11D52125063B00013EE0 /* Info.plist */ = {isa = PBXFileReference; lastKnownFileType = text.plist.xml; path = Info.plist; sourceTree = "<group>"; };
		993D11DA2125063B00013EE0 /* YT MarketUITests.xctest */ = {isa = PBXFileReference; explicitFileType = wrapper.cfbundle; includeInIndex = 0; path = "YT MarketUITests.xctest"; sourceTree = BUILT_PRODUCTS_DIR; };
		993D11DE2125063B00013EE0 /* YT_MarketUITests.swift */ = {isa = PBXFileReference; lastKnownFileType = sourcecode.swift; path = YT_MarketUITests.swift; sourceTree = "<group>"; };
		993D11E02125063B00013EE0 /* Info.plist */ = {isa = PBXFileReference; lastKnownFileType = text.plist.xml; path = Info.plist; sourceTree = "<group>"; };
/* End PBXFileReference section */

/* Begin PBXFrameworksBuildPhase section */
		993D11B82125063200013EE0 /* Frameworks */ = {
			isa = PBXFrameworksBuildPhase;
			buildActionMask = 2147483647;
			files = (
			);
			runOnlyForDeploymentPostprocessing = 0;
		};
		993D11CC2125063B00013EE0 /* Frameworks */ = {
			isa = PBXFrameworksBuildPhase;
			buildActionMask = 2147483647;
			files = (
			);
			runOnlyForDeploymentPostprocessing = 0;
		};
		993D11D72125063B00013EE0 /* Frameworks */ = {
			isa = PBXFrameworksBuildPhase;
			buildActionMask = 2147483647;
			files = (
			);
			runOnlyForDeploymentPostprocessing = 0;
		};
/* End PBXFrameworksBuildPhase section */

/* Begin PBXGroup section */
		993D11B22125063200013EE0 = {
			isa = PBXGroup;
			children = (
				993D11BD2125063200013EE0 /* YT Market */,
				993D11D22125063B00013EE0 /* YT MarketTests */,
				993D11DD2125063B00013EE0 /* YT MarketUITests */,
				993D11BC2125063200013EE0 /* Products */,
			);
			sourceTree = "<group>";
		};
		993D11BC2125063200013EE0 /* Products */ = {
			isa = PBXGroup;
			children = (
				993D11BB2125063200013EE0 /* YT Market.app */,
				993D11CF2125063B00013EE0 /* YT MarketTests.xctest */,
				993D11DA2125063B00013EE0 /* YT MarketUITests.xctest */,
			);
			name = Products;
			sourceTree = "<group>";
		};
		993D11BD2125063200013EE0 /* YT Market */ = {
			isa = PBXGroup;
			children = (
				993D11BE2125063200013EE0 /* AppDelegate.swift */,
				993D11C02125063200013EE0 /* ViewController.swift */,
				993D11C22125063200013EE0 /* Main.storyboard */,
				993D11C52125063A00013EE0 /* Assets.xcassets */,
				993D11C72125063A00013EE0 /* LaunchScreen.storyboard */,
				993D11CA2125063A00013EE0 /* Info.plist */,
			);
			path = "YT Market";
			sourceTree = "<group>";
		};
		993D11D22125063B00013EE0 /* YT MarketTests */ = {
			isa = PBXGroup;
			children = (
				993D11D32125063B00013EE0 /* YT_MarketTests.swift */,
				993D11D52125063B00013EE0 /* Info.plist */,
			);
			path = "YT MarketTests";
			sourceTree = "<group>";
		};
		993D11DD2125063B00013EE0 /* YT MarketUITests */ = {
			isa = PBXGroup;
			children = (
				993D11DE2125063B00013EE0 /* YT_MarketUITests.swift */,
				993D11E02125063B00013EE0 /* Info.plist */,
			);
			path = "YT MarketUITests";
			sourceTree = "<group>";
		};
/* End PBXGroup section */

/* Begin PBXNativeTarget section */
		993D11BA2125063200013EE0 /* YT Market */ = {
			isa = PBXNativeTarget;
			buildConfigurationList = 993D11E32125063B00013EE0 /* Build configuration list for PBXNativeTarget "YT Market" */;
			buildPhases = (
				993D11B72125063200013EE0 /* Sources */,
				993D11B82125063200013EE0 /* Frameworks */,
				993D11B92125063200013EE0 /* Resources */,
			);
			buildRules = (
			);
			dependencies = (
			);
			name = "YT Market";
			productName = "YT Market";
			productReference = 993D11BB2125063200013EE0 /* YT Market.app */;
			productType = "com.apple.product-type.application";
		};
		993D11CE2125063B00013EE0 /* YT MarketTests */ = {
			isa = PBXNativeTarget;
			buildConfigurationList = 993D11E62125063B00013EE0 /* Build configuration list for PBXNativeTarget "YT MarketTests" */;
			buildPhases = (
				993D11CB2125063B00013EE0 /* Sources */,
				993D11CC2125063B00013EE0 /* Frameworks */,
				993D11CD2125063B00013EE0 /* Resources */,
			);
			buildRules = (
			);
			dependencies = (
				993D11D12125063B00013EE0 /* PBXTargetDependency */,
			);
			name = "YT MarketTests";
			productName = "YT MarketTests";
			productReference = 993D11CF2125063B00013EE0 /* YT MarketTests.xctest */;
			productType = "com.apple.product-type.bundle.unit-test";
		};
		993D11D92125063B00013EE0 /* YT MarketUITests */ = {
			isa = PBXNativeTarget;
			buildConfigurationList = 993D11E92125063B00013EE0 /* Build configuration list for PBXNativeTarget "YT MarketUITests" */;
			buildPhases = (
				993D11D62125063B00013EE0 /* Sources */,
				993D11D72125063B00013EE0 /* Frameworks */,
				993D11D82125063B00013EE0 /* Resources */,
			);
			buildRules = (
			);
			dependencies = (
				993D11DC2125063B00013EE0 /* PBXTargetDependency */,
			);
			name = "YT MarketUITests";
			productName = "YT MarketUITests";
			productReference = 993D11DA2125063B00013EE0 /* YT MarketUITests.xctest */;
			productType = "com.apple.product-type.bundle.ui-testing";
		};
/* End PBXNativeTarget section */

/* Begin PBXProject section */
		993D11B32125063200013EE0 /* Project object */ = {
			isa = PBXProject;
			attributes = {
				LastSwiftUpdateCheck = 0940;
				LastUpgradeCheck = 0940;
				ORGANIZATIONNAME = "Adam Eliezerov";
				TargetAttributes = {
					993D11BA2125063200013EE0 = {
						CreatedOnToolsVersion = 9.4.1;
					};
					993D11CE2125063B00013EE0 = {
						CreatedOnToolsVersion = 9.4.1;
						TestTargetID = 993D11BA2125063200013EE0;
					};
					993D11D92125063B00013EE0 = {
						CreatedOnToolsVersion = 9.4.1;
						TestTargetID = 993D11BA2125063200013EE0;
					};
				};
			};
			buildConfigurationList = 993D11B62125063200013EE0 /* Build configuration list for PBXProject "YT Market" */;
			compatibilityVersion = "Xcode 9.3";
			developmentRegion = en;
			hasScannedForEncodings = 0;
			knownRegions = (
				en,
				Base,
			);
			mainGroup = 993D11B22125063200013EE0;
			productRefGroup = 993D11BC2125063200013EE0 /* Products */;
			projectDirPath = "";
			projectRoot = "";
			targets = (
				993D11BA2125063200013EE0 /* YT Market */,
				993D11CE2125063B00013EE0 /* YT MarketTests */,
				993D11D92125063B00013EE0 /* YT MarketUITests */,
			);
		};
/* End PBXProject section */

/* Begin PBXResourcesBuildPhase section */
		993D11B92125063200013EE0 /* Resources */ = {
			isa = PBXResourcesBuildPhase;
			buildActionMask = 2147483647;
			files = (
				993D11C92125063A00013EE0 /* LaunchScreen.storyboard in Resources */,
				993D11C62125063A00013EE0 /* Assets.xcassets in Resources */,
				993D11C42125063200013EE0 /* Main.storyboard in Resources */,
			);
			runOnlyForDeploymentPostprocessing = 0;
		};
		993D11CD2125063B00013EE0 /* Resources */ = {
			isa = PBXResourcesBuildPhase;
			buildActionMask = 2147483647;
			files = (
			);
			runOnlyForDeploymentPostprocessing = 0;
		};
		993D11D82125063B00013EE0 /* Resources */ = {
			isa = PBXResourcesBuildPhase;
			buildActionMask = 2147483647;
			files = (
			);
			runOnlyForDeploymentPostprocessing = 0;
		};
/* End PBXResourcesBuildPhase section */

/* Begin PBXSourcesBuildPhase section */
		993D11B72125063200013EE0 /* Sources */ = {
			isa = PBXSourcesBuildPhase;
			buildActionMask = 2147483647;
			files = (
				993D11C12125063200013EE0 /* ViewController.swift in Sources */,
				993D11BF2125063200013EE0 /* AppDelegate.swift in Sources */,
			);
			runOnlyForDeploymentPostprocessing = 0;
		};
		993D11CB2125063B00013EE0 /* Sources */ = {
			isa = PBXSourcesBuildPhase;
			buildActionMask = 2147483647;
			files = (
				993D11D42125063B00013EE0 /* YT_MarketTests.swift in Sources */,
			);
			runOnlyForDeploymentPostprocessing = 0;
		};
		993D11D62125063B00013EE0 /* Sources */ = {
			isa = PBXSourcesBuildPhase;
			buildActionMask = 2147483647;
			files = (
				993D11DF2125063B00013EE0 /* YT_MarketUITests.swift in Sources */,
			);
			runOnlyForDeploymentPostprocessing = 0;
		};
/* End PBXSourcesBuildPhase section */

/* Begin PBXTargetDependency section */
		993D11D12125063B00013EE0 /* PBXTargetDependency */ = {
			isa = PBXTargetDependency;
			target = 993D11BA2125063200013EE0 /* YT Market */;
			targetProxy = 993D11D02125063B00013EE0 /* PBXContainerItemProxy */;
		};
		993D11DC2125063B00013EE0 /* PBXTargetDependency */ = {
			isa = PBXTargetDependency;
			target = 993D11BA2125063200013EE0 /* YT Market */;
			targetProxy = 993D11DB2125063B00013EE0 /* PBXContainerItemProxy */;
		};
/* End PBXTargetDependency section */

/* Begin PBXVariantGroup section */
		993D11C22125063200013EE0 /* Main.storyboard */ = {
			isa = PBXVariantGroup;
			children = (
				993D11C32125063200013EE0 /* Base */,
			);
			name = Main.storyboard;
			sourceTree = "<group>";
		};
		993D11C72125063A00013EE0 /* LaunchScreen.storyboard */ = {
			isa = PBXVariantGroup;
			children = (
				993D11C82125063A00013EE0 /* Base */,
			);
			name = LaunchScreen.storyboard;
			sourceTree = "<group>";
		};
/* End PBXVariantGroup section */

/* Begin XCBuildConfiguration section */
		993D11E12125063B00013EE0 /* Debug */ = {
			isa = XCBuildConfiguration;
			buildSettings = {
				ALWAYS_SEARCH_USER_PATHS = NO;
				CLANG_ANALYZER_NONNULL = YES;
				CLANG_ANALYZER_NUMBER_OBJECT_CONVERSION = YES_AGGRESSIVE;
				CLANG_CXX_LANGUAGE_STANDARD = "gnu++14";
				CLANG_CXX_LIBRARY = "libc++";
				CLANG_ENABLE_MODULES = YES;
				CLANG_ENABLE_OBJC_ARC = YES;
				CLANG_ENABLE_OBJC_WEAK = YES;
				CLANG_WARN_BLOCK_CAPTURE_AUTORELEASING = YES;
				CLANG_WARN_BOOL_CONVERSION = YES;
				CLANG_WARN_COMMA = YES;
				CLANG_WARN_CONSTANT_CONVERSION = YES;
				CLANG_WARN_DEPRECATED_OBJC_IMPLEMENTATIONS = YES;
				CLANG_WARN_DIRECT_OBJC_ISA_USAGE = YES_ERROR;
				CLANG_WARN_DOCUMENTATION_COMMENTS = YES;
				CLANG_WARN_EMPTY_BODY = YES;
				CLANG_WARN_ENUM_CONVERSION = YES;
				CLANG_WARN_INFINITE_RECURSION = YES;
				CLANG_WARN_INT_CONVERSION = YES;
				CLANG_WARN_NON_LITERAL_NULL_CONVERSION = YES;
				CLANG_WARN_OBJC_IMPLICIT_RETAIN_SELF = YES;
				CLANG_WARN_OBJC_LITERAL_CONVERSION = YES;
				CLANG_WARN_OBJC_ROOT_CLASS = YES_ERROR;
				CLANG_WARN_RANGE_LOOP_ANALYSIS = YES;
				CLANG_WARN_STRICT_PROTOTYPES = YES;
				CLANG_WARN_SUSPICIOUS_MOVE = YES;
				CLANG_WARN_UNGUARDED_AVAILABILITY = YES_AGGRESSIVE;
				CLANG_WARN_UNREACHABLE_CODE = YES;
				CLANG_WARN__DUPLICATE_METHOD_MATCH = YES;
				CODE_SIGN_IDENTITY = "iPhone Developer";
				COPY_PHASE_STRIP = NO;
				DEBUG_INFORMATION_FORMAT = dwarf;
				ENABLE_STRICT_OBJC_MSGSEND = YES;
				ENABLE_TESTABILITY = YES;
				GCC_C_LANGUAGE_STANDARD = gnu11;
				GCC_DYNAMIC_NO_PIC = NO;
				GCC_NO_COMMON_BLOCKS = YES;
				GCC_OPTIMIZATION_LEVEL = 0;
				GCC_PREPROCESSOR_DEFINITIONS = (
					"DEBUG=1",
					"$(inherited)",
				);
				GCC_WARN_64_TO_32_BIT_CONVERSION = YES;
				GCC_WARN_ABOUT_RETURN_TYPE = YES_ERROR;
				GCC_WARN_UNDECLARED_SELECTOR = YES;
				GCC_WARN_UNINITIALIZED_AUTOS = YES_AGGRESSIVE;
				GCC_WARN_UNUSED_FUNCTION = YES;
				GCC_WARN_UNUSED_VARIABLE = YES;
				IPHONEOS_DEPLOYMENT_TARGET = 11.4;
				MTL_ENABLE_DEBUG_INFO = YES;
				ONLY_ACTIVE_ARCH = YES;
				SDKROOT = iphoneos;
				SWIFT_ACTIVE_COMPILATION_CONDITIONS = DEBUG;
				SWIFT_OPTIMIZATION_LEVEL = "-Onone";
			};
			name = Debug;
		};
		993D11E22125063B00013EE0 /* Release */ = {
			isa = XCBuildConfiguration;
			buildSettings = {
				ALWAYS_SEARCH_USER_PATHS = NO;
				CLANG_ANALYZER_NONNULL = YES;
				CLANG_ANALYZER_NUMBER_OBJECT_CONVERSION = YES_AGGRESSIVE;
				CLANG_CXX_LANGUAGE_STANDARD = "gnu++14";
				CLANG_CXX_LIBRARY = "libc++";
				CLANG_ENABLE_MODULES = YES;
				CLANG_ENABLE_OBJC_ARC = YES;
				CLANG_ENABLE_OBJC_WEAK = YES;
				CLANG_WARN_BLOCK_CAPTURE_AUTORELEASING = YES;
				CLANG_WARN_BOOL_CONVERSION = YES;
				CLANG_WARN_COMMA = YES;
				CLANG_WARN_CONSTANT_CONVERSION = YES;
				CLANG_WARN_DEPRECATED_OBJC_IMPLEMENTATIONS = YES;
				CLANG_WARN_DIRECT_OBJC_ISA_USAGE = YES_ERROR;
				CLANG_WARN_DOCUMENTATION_COMMENTS = YES;
				CLANG_WARN_EMPTY_BODY = YES;
				CLANG_WARN_ENUM_CONVERSION = YES;
				CLANG_WARN_INFINITE_RECURSION = YES;
				CLANG_WARN_INT_CONVERSION = YES;
				CLANG_WARN_NON_LITERAL_NULL_CONVERSION = YES;
				CLANG_WARN_OBJC_IMPLICIT_RETAIN_SELF = YES;
				CLANG_WARN_OBJC_LITERAL_CONVERSION = YES;
				CLANG_WARN_OBJC_ROOT_CLASS = YES_ERROR;
				CLANG_WARN_RANGE_LOOP_ANALYSIS = YES;
				CLANG_WARN_STRICT_PROTOTYPES = YES;
				CLANG_WARN_SUSPICIOUS_MOVE = YES;
				CLANG_WARN_UNGUARDED_AVAILABILITY = YES_AGGRESSIVE;
				CLANG_WARN_UNREACHABLE_CODE = YES;
				CLANG_WARN__DUPLICATE_METHOD_MATCH = YES;
				CODE_SIGN_IDENTITY = "iPhone Developer";
				COPY_PHASE_STRIP = NO;
				DEBUG_INFORMATION_FORMAT = "dwarf-with-dsym";
				ENABLE_NS_ASSERTIONS = NO;
				ENABLE_STRICT_OBJC_MSGSEND = YES;
				GCC_C_LANGUAGE_STANDARD = gnu11;
				GCC_NO_COMMON_BLOCKS = YES;
				GCC_WARN_64_TO_32_BIT_CONVERSION = YES;
				GCC_WARN_ABOUT_RETURN_TYPE = YES_ERROR;
				GCC_WARN_UNDECLARED_SELECTOR = YES;
				GCC_WARN_UNINITIALIZED_AUTOS = YES_AGGRESSIVE;
				GCC_WARN_UNUSED_FUNCTION = YES;
				GCC_WARN_UNUSED_VARIABLE = YES;
				IPHONEOS_DEPLOYMENT_TARGET = 11.4;
				MTL_ENABLE_DEBUG_INFO = NO;
				SDKROOT = iphoneos;
				SWIFT_COMPILATION_MODE = wholemodule;
				SWIFT_OPTIMIZATION_LEVEL = "-O";
				VALIDATE_PRODUCT = YES;
			};
			name = Release;
		};
		993D11E42125063B00013EE0 /* Debug */ = {
			isa = XCBuildConfiguration;
			buildSettings = {
				ASSETCATALOG_COMPILER_APPICON_NAME = AppIcon;
				CODE_SIGN_STYLE = Automatic;
				DEVELOPMENT_TEAM = Z28CSUK723;
				INFOPLIST_FILE = "YT Market/Info.plist";
				LD_RUNPATH_SEARCH_PATHS = (
					"$(inherited)",
					"@executable_path/Frameworks",
				);
				PRODUCT_BUNDLE_IDENTIFIER = "com.adameliezerov.YT-Market";
				PRODUCT_NAME = "$(TARGET_NAME)";
				SWIFT_VERSION = 4.0;
				TARGETED_DEVICE_FAMILY = "1,2";
			};
			name = Debug;
		};
		993D11E52125063B00013EE0 /* Release */ = {
			isa = XCBuildConfiguration;
			buildSettings = {
				ASSETCATALOG_COMPILER_APPICON_NAME = AppIcon;
				CODE_SIGN_STYLE = Automatic;
				DEVELOPMENT_TEAM = Z28CSUK723;
				INFOPLIST_FILE = "YT Market/Info.plist";
				LD_RUNPATH_SEARCH_PATHS = (
					"$(inherited)",
					"@executable_path/Frameworks",
				);
				PRODUCT_BUNDLE_IDENTIFIER = "com.adameliezerov.YT-Market";
				PRODUCT_NAME = "$(TARGET_NAME)";
				SWIFT_VERSION = 4.0;
				TARGETED_DEVICE_FAMILY = "1,2";
			};
			name = Release;
		};
		993D11E72125063B00013EE0 /* Debug */ = {
			isa = XCBuildConfiguration;
			buildSettings = {
				ALWAYS_EMBED_SWIFT_STANDARD_LIBRARIES = YES;
				BUNDLE_LOADER = "$(TEST_HOST)";
				CODE_SIGN_STYLE = Automatic;
				DEVELOPMENT_TEAM = Z28CSUK723;
				INFOPLIST_FILE = "YT MarketTests/Info.plist";
				LD_RUNPATH_SEARCH_PATHS = (
					"$(inherited)",
					"@executable_path/Frameworks",
					"@loader_path/Frameworks",
				);
				PRODUCT_BUNDLE_IDENTIFIER = "com.adameliezerov.YT-MarketTests";
				PRODUCT_NAME = "$(TARGET_NAME)";
				SWIFT_VERSION = 4.0;
				TARGETED_DEVICE_FAMILY = "1,2";
				TEST_HOST = "$(BUILT_PRODUCTS_DIR)/YT Market.app/YT Market";
			};
			name = Debug;
		};
		993D11E82125063B00013EE0 /* Release */ = {
			isa = XCBuildConfiguration;
			buildSettings = {
				ALWAYS_EMBED_SWIFT_STANDARD_LIBRARIES = YES;
				BUNDLE_LOADER = "$(TEST_HOST)";
				CODE_SIGN_STYLE = Automatic;
				DEVELOPMENT_TEAM = Z28CSUK723;
				INFOPLIST_FILE = "YT MarketTests/Info.plist";
				LD_RUNPATH_SEARCH_PATHS = (
					"$(inherited)",
					"@executable_path/Frameworks",
					"@loader_path/Frameworks",
				);
				PRODUCT_BUNDLE_IDENTIFIER = "com.adameliezerov.YT-MarketTests";
				PRODUCT_NAME = "$(TARGET_NAME)";
				SWIFT_VERSION = 4.0;
				TARGETED_DEVICE_FAMILY = "1,2";
				TEST_HOST = "$(BUILT_PRODUCTS_DIR)/YT Market.app/YT Market";
			};
			name = Release;
		};
		993D11EA2125063B00013EE0 /* Debug */ = {
			isa = XCBuildConfiguration;
			buildSettings = {
				ALWAYS_EMBED_SWIFT_STANDARD_LIBRARIES = YES;
				CODE_SIGN_STYLE = Automatic;
				DEVELOPMENT_TEAM = Z28CSUK723;
				INFOPLIST_FILE = "YT MarketUITests/Info.plist";
				LD_RUNPATH_SEARCH_PATHS = (
					"$(inherited)",
					"@executable_path/Frameworks",
					"@loader_path/Frameworks",
				);
				PRODUCT_BUNDLE_IDENTIFIER = "com.adameliezerov.YT-MarketUITests";
				PRODUCT_NAME = "$(TARGET_NAME)";
				SWIFT_VERSION = 4.0;
				TARGETED_DEVICE_FAMILY = "1,2";
				TEST_TARGET_NAME = "YT Market";
			};
			name = Debug;
		};
		993D11EB2125063B00013EE0 /* Release */ = {
			isa = XCBuildConfiguration;
			buildSettings = {
				ALWAYS_EMBED_SWIFT_STANDARD_LIBRARIES = YES;
				CODE_SIGN_STYLE = Automatic;
				DEVELOPMENT_TEAM = Z28CSUK723;
				INFOPLIST_FILE = "YT MarketUITests/Info.plist";
				LD_RUNPATH_SEARCH_PATHS = (
					"$(inherited)",
					"@executable_path/Frameworks",
					"@loader_path/Frameworks",
				);
				PRODUCT_BUNDLE_IDENTIFIER = "com.adameliezerov.YT-MarketUITests";
				PRODUCT_NAME = "$(TARGET_NAME)";
				SWIFT_VERSION = 4.0;
				TARGETED_DEVICE_FAMILY = "1,2";
				TEST_TARGET_NAME = "YT Market";
			};
			name = Release;
		};
/* End XCBuildConfiguration section */

/* Begin XCConfigurationList section */
		993D11B62125063200013EE0 /* Build configuration list for PBXProject "YT Market" */ = {
			isa = XCConfigurationList;
			buildConfigurations = (
				993D11E12125063B00013EE0 /* Debug */,
				993D11E22125063B00013EE0 /* Release */,
			);
			defaultConfigurationIsVisible = 0;
			defaultConfigurationName = Release;
		};
		993D11E32125063B00013EE0 /* Build configuration list for PBXNativeTarget "YT Market" */ = {
			isa = XCConfigurationList;
			buildConfigurations = (
				993D11E42125063B00013EE0 /* Debug */,
				993D11E52125063B00013EE0 /* Release */,
			);
			defaultConfigurationIsVisible = 0;
			defaultConfigurationName = Release;
		};
		993D11E62125063B00013EE0 /* Build configuration list for PBXNativeTarget "YT MarketTests" */ = {
			isa = XCConfigurationList;
			buildConfigurations = (
				993D11E72125063B00013EE0 /* Debug */,
				993D11E82125063B00013EE0 /* Release */,
			);
			defaultConfigurationIsVisible = 0;
			defaultConfigurationName = Release;
		};
		993D11E92125063B00013EE0 /* Build configuration list for PBXNativeTarget "YT MarketUITests" */ = {
			isa = XCConfigurationList;
			buildConfigurations = (
				993D11EA2125063B00013EE0 /* Debug */,
				993D11EB2125063B00013EE0 /* Release */,
			);
			defaultConfigurationIsVisible = 0;
			defaultConfigurationName = Release;
		};
/* End XCConfigurationList section */
	};
	rootObject = 993D11B32125063200013EE0 /* Project object */;
}
